
Microsoft Visual Studio Solution File, Format Version 12.00
# Visual Studio 15
VisualStudioVersion = 15.0.27428.2005
MinimumVisualStudioVersion = 10.0.40219.1
Project("{9A19103F-16F7-4668-BE54-9A1E7A4F7556}") = "UtmnRecco", "UtmnRecco\UtmnRecco.csproj", "{E10A6D7C-8084-4361-B6B2-67B8294C16F7}"
EndProject
Global
	GlobalSection(SolutionConfigurationPlatforms) = preSolution
		Debug|Any CPU = Debug|Any CPU
		Release|Any CPU = Release|Any CPU
	EndGlobalSection
	GlobalSection(ProjectConfigurationPlatforms) = postSolution
		{E10A6D7C-8084-4361-B6B2-67B8294C16F7}.Debug|Any CPU.ActiveCfg = Debug|Any CPU
		{E10A6D7C-8084-4361-B6B2-67B8294C16F7}.Debug|Any CPU.Build.0 = Debug|Any CPU
		{E10A6D7C-8084-4361-B6B2-67B8294C16F7}.Release|Any CPU.ActiveCfg = Release|Any CPU
		{E10A6D7C-8084-4361-B6B2-67B8294C16F7}.Release|Any CPU.Build.0 = Release|Any CPU
	EndGlobalSection
	GlobalSection(SolutionProperties) = preSolution
		HideSolutionNode = FALSE
	EndGlobalSection
	GlobalSection(ExtensibilityGlobals) = postSolution
		SolutionGuid = {E34C8365-7ED3-4C0C-85C5-DD88DF537788}
	EndGlobalSection
EndGlobal
